
Microsoft Visual Studio Solution File, Format Version 12.00
# Visual Studio Version 17
VisualStudioVersion = 17.0.31919.166
MinimumVisualStudioVersion = 10.0.40219.1
Project("{FAE04EC0-301F-11D3-BF4B-00C04F79EFBC}") = "PdfConvToExcel", "PdfConvToExcel\PdfConvToExcel.csproj", "{19E09464-3A99-4C56-86AC-D82489FA5F12}"
EndProject
Global
	GlobalSection(SolutionConfigurationPlatforms) = preSolution
		Debug|Any CPU = Debug|Any CPU
		Release|Any CPU = Release|Any CPU
	EndGlobalSection
	GlobalSection(ProjectConfigurationPlatforms) = postSolution
		{19E09464-3A99-4C56-86AC-D82489FA5F12}.Debug|Any CPU.ActiveCfg = Debug|Any CPU
		{19E09464-3A99-4C56-86AC-D82489FA5F12}.Debug|Any CPU.Build.0 = Debug|Any CPU
		{19E09464-3A99-4C56-86AC-D82489FA5F12}.Release|Any CPU.ActiveCfg = Release|Any CPU
		{19E09464-3A99-4C56-86AC-D82489FA5F12}.Release|Any CPU.Build.0 = Release|Any CPU
	EndGlobalSection
	GlobalSection(SolutionProperties) = preSolution
		HideSolutionNode = FALSE
	EndGlobalSection
	GlobalSection(ExtensibilityGlobals) = postSolution
		SolutionGuid = {9091E3FB-53DE-4BC9-8ABF-072CCEBB4D13}
	EndGlobalSection
EndGlobal
